
Microsoft Visual Studio Solution File, Format Version 12.00
# Visual Studio Version 16
VisualStudioVersion = 16.0.34031.81
MinimumVisualStudioVersion = 10.0.40219.1
Project("{9A19103F-16F7-4668-BE54-9A1E7A4F7556}") = "ClinicManagement", "ClinicManagement\ClinicManagement.csproj", "{12319037-372F-4087-8F8C-F36299137C87}"
EndProject
Global
	GlobalSection(SolutionConfigurationPlatforms) = preSolution
		Debug|Any CPU = Debug|Any CPU
		Release|Any CPU = Release|Any CPU
	EndGlobalSection
	GlobalSection(ProjectConfigurationPlatforms) = postSolution
		{12319037-372F-4087-8F8C-F36299137C87}.Debug|Any CPU.ActiveCfg = Debug|Any CPU
		{12319037-372F-4087-8F8C-F36299137C87}.Debug|Any CPU.Build.0 = Debug|Any CPU
		{12319037-372F-4087-8F8C-F36299137C87}.Release|Any CPU.ActiveCfg = Release|Any CPU
		{12319037-372F-4087-8F8C-F36299137C87}.Release|Any CPU.Build.0 = Release|Any CPU
	EndGlobalSection
	GlobalSection(SolutionProperties) = preSolution
		HideSolutionNode = FALSE
	EndGlobalSection
	GlobalSection(ExtensibilityGlobals) = postSolution
		SolutionGuid = {FF8CFB78-A0B3-4F9A-A244-C9894208C7C4}
	EndGlobalSection
EndGlobal
